
Microsoft Visual Studio Solution File, Format Version 12.00
# Visual Studio Version 17
VisualStudioVersion = 17.9.34728.123
MinimumVisualStudioVersion = 10.0.40219.1
Project("{FAE04EC0-301F-11D3-BF4B-00C04F79EFBC}") = "laba 7 3 zadanie", "laba 7 3 zadanie.csproj", "{FDD80B7E-8B44-431C-A705-F82A4C5A8B46}"
EndProject
Global
	GlobalSection(SolutionConfigurationPlatforms) = preSolution
		Debug|Any CPU = Debug|Any CPU
		Release|Any CPU = Release|Any CPU
	EndGlobalSection
	GlobalSection(ProjectConfigurationPlatforms) = postSolution
		{FDD80B7E-8B44-431C-A705-F82A4C5A8B46}.Debug|Any CPU.ActiveCfg = Debug|Any CPU
		{FDD80B7E-8B44-431C-A705-F82A4C5A8B46}.Debug|Any CPU.Build.0 = Debug|Any CPU
		{FDD80B7E-8B44-431C-A705-F82A4C5A8B46}.Release|Any CPU.ActiveCfg = Release|Any CPU
		{FDD80B7E-8B44-431C-A705-F82A4C5A8B46}.Release|Any CPU.Build.0 = Release|Any CPU
	EndGlobalSection
	GlobalSection(SolutionProperties) = preSolution
		HideSolutionNode = FALSE
	EndGlobalSection
	GlobalSection(ExtensibilityGlobals) = postSolution
		SolutionGuid = {D22A99BD-EE33-4149-9FFD-E1F6972E64C5}
	EndGlobalSection
EndGlobal
